
Microsoft Visual Studio Solution File, Format Version 12.00
# Visual Studio 2013
VisualStudioVersion = 12.0.21005.1
Project("{FAE04EC0-301F-11D3-BF4B-00C04F79EFBC}") = "ComSvcConfig", "ndp\cdf\src\WCF\Tools\comsvcutil\ComSvcConfig.csproj", "{88c3e231-004f-43af-9ea8-8314dc8e090a}"
EndProject
Project("{FAE04EC0-301F-11D3-BF4B-00C04F79EFBC}") = "mscorlib", "ndp\clr\src\bcl\mscorlib.csproj", "{cee2f309-bc3a-4584-8db6-119a4e5ea519}"
EndProject
Project("{FAE04EC0-301F-11D3-BF4B-00C04F79EFBC}") = "PresentationBuildTasks", "wpf\src\PresentationBuildTasks.csproj", "{11490e5c-bb81-490b-891e-3bba0367a20a}"
EndProject
Project("{FAE04EC0-301F-11D3-BF4B-00C04F79EFBC}") = "PresentationCore", "wpf\src\PresentationCore.csproj", "{d664c962-3229-4238-9df0-2a8b7521c490}"
EndProject
Project("{FAE04EC0-301F-11D3-BF4B-00C04F79EFBC}") = "PresentationFramework", "wpf\PresentationFramework.csproj", "{10eea8da-ac03-467a-9a0c-c95a3b12d610}"
EndProject
Project("{FAE04EC0-301F-11D3-BF4B-00C04F79EFBC}") = "PresentationFramework.Aero", "wpf\src\Themes\Aero\PresentationFramework.Aero.csproj", "{bedc5161-abda-4e24-a5da-8669fdea1116}"
EndProject
Project("{FAE04EC0-301F-11D3-BF4B-00C04F79EFBC}") = "PresentationFramework.Classic", "wpf\src\Themes\Classic\PresentationFramework.Classic.csproj", "{9b248b02-cc58-4ec5-88ee-ac4175874cc4}"
EndProject
Project("{FAE04EC0-301F-11D3-BF4B-00C04F79EFBC}") = "PresentationFramework.Luna", "wpf\src\Themes\Luna\PresentationFramework.Luna.csproj", "{bf7a2665-3735-4098-beb7-da1c95e29960}"
EndProject
Project("{FAE04EC0-301F-11D3-BF4B-00C04F79EFBC}") = "PresentationFramework.Royale", "wpf\src\Themes\Royale\PresentationFramework.Royale.csproj", "{46873a9b-b886-43ab-8d41-07e9df600a2f}"
EndProject
Project("{FAE04EC0-301F-11D3-BF4B-00C04F79EFBC}") = "SMDiagnostics", "ndp\cdf\src\WCF\SMDiagnostics\SMDiagnostics.csproj", "{483fa3f7-504f-48df-ab9d-b54226cbe6fb}"
EndProject
Project("{FAE04EC0-301F-11D3-BF4B-00C04F79EFBC}") = "SMSvcHost", "ndp\cdf\src\WCF\SMSvcHost\SMSvcHost.csproj", "{6642ba01-fd4d-4dcb-8948-0f4e18682904}"
EndProject
Project("{FAE04EC0-301F-11D3-BF4B-00C04F79EFBC}") = "svcutil", "ndp\cdf\src\WCF\Tools\svcutil\svcutil.csproj", "{6c6d351c-9e0a-4863-8479-80eb2a06e2ae}"
EndProject
Project("{FAE04EC0-301F-11D3-BF4B-00C04F79EFBC}") = "System", "ndp\fx\src\System.csproj", "{93e0d602-f830-478d-b585-6181aeeaf8aa}"
EndProject
Project("{FAE04EC0-301F-11D3-BF4B-00C04F79EFBC}") = "System.Activities", "ndp\cdf\src\NetFx40\System.Activities\System.Activities.csproj", "{6410256f-db99-45a1-be9e-1d0d43b1f876}"
EndProject
Project("{FAE04EC0-301F-11D3-BF4B-00C04F79EFBC}") = "System.Activities.Core.Presentation", "ndp\cdf\src\NetFx40\Tools\System.Activities.Core.Presentation\System.Activities.Core.Presentation.csproj", "{60bc513a-24bd-4f49-9e55-c84bdce39d35}"
EndProject
Project("{FAE04EC0-301F-11D3-BF4B-00C04F79EFBC}") = "System.Activities.DurableInstancing", "ndp\cdf\src\NetFx40\System.Activities.DurableInstancing\System.Activities.DurableInstancing.csproj", "{011b44f4-fe09-4761-b813-5c05a8c4a6be}"
EndProject
Project("{FAE04EC0-301F-11D3-BF4B-00C04F79EFBC}") = "System.Activities.Presentation", "ndp\cdf\src\NetFx40\Tools\System.Activities.Presentation.csproj", "{b679e872-a581-4314-abd2-315ec0e5d41d}"
EndProject
Project("{FAE04EC0-301F-11D3-BF4B-00C04F79EFBC}") = "System.AddIn", "ndp\fx\src\AddIn\AddIn\System.AddIn.csproj", "{f02217f8-a212-475a-bf33-dca737aa2d2d}"
EndProject
Project("{FAE04EC0-301F-11D3-BF4B-00C04F79EFBC}") = "System.AddIn.Contract", "ndp\fx\src\AddIn\Contract\System.AddIn.Contract.csproj", "{e1ede55d-a3fa-42ac-af93-9c00df9b24e9}"
EndProject
Project("{FAE04EC0-301F-11D3-BF4B-00C04F79EFBC}") = "System.ComponentModel.DataAnnotations", "ndp\fx\src\xsp\system\DataAnnotations\System.ComponentModel.DataAnnotations.csproj", "{b1d95859-a27c-412b-88c6-47f2c0ae87da}"
EndProject
Project("{FAE04EC0-301F-11D3-BF4B-00C04F79EFBC}") = "System.Configuration", "ndp\fx\src\Configuration\System.Configuration.csproj", "{bdaea912-68ca-45da-948e-7e503cb326b4}"
EndProject
Project("{FAE04EC0-301F-11D3-BF4B-00C04F79EFBC}") = "System.Core", "ndp\fx\src\Core\System.Core.csproj", "{568b5820-7218-4652-9abf-6141140c45b1}"
EndProject
Project("{FAE04EC0-301F-11D3-BF4B-00C04F79EFBC}") = "System.Data", "ndp\fx\src\data\System.Data.csproj", "{7875f5f8-9a58-462e-9c9b-1508e82bfb7a}"
EndProject
Project("{FAE04EC0-301F-11D3-BF4B-00C04F79EFBC}") = "System.Data.DataSetExtensions", "ndp\fx\src\DataSet\System.Data.DataSetExtensions.csproj", "{44a72c6b-2816-457c-846c-ef1a7324c0fa}"
EndProject
Project("{FAE04EC0-301F-11D3-BF4B-00C04F79EFBC}") = "System.Data.Entity", "ndp\fx\src\DataEntity\System.Data.Entity.csproj", "{360c9d1b-ec60-4fdb-8a41-4c46a972a8d2}"
EndProject
Project("{FAE04EC0-301F-11D3-BF4B-00C04F79EFBC}") = "System.Data.Entity.Design", "ndp\fx\src\DataEntityDesign\Design\System.Data.Entity.Design.csproj", "{cd09720f-5b69-4a52-a4c7-a6e580041c90}"
EndProject
Project("{FAE04EC0-301F-11D3-BF4B-00C04F79EFBC}") = "System.Data.Linq", "ndp\fx\src\DLinq\Dlinq\System.Data.Linq.csproj", "{7debd478-38e7-4c84-8696-ccd4630e07e3}"
EndProject
Project("{FAE04EC0-301F-11D3-BF4B-00C04F79EFBC}") = "System.Data.Services", "ndp\fx\src\DataWeb\Server\System.Data.Services.csproj", "{298b492a-41c4-4f18-9565-9ad5492dd4a6}"
EndProject
Project("{FAE04EC0-301F-11D3-BF4B-00C04F79EFBC}") = "System.Data.Services.Client", "ndp\fx\src\DataWeb\Client\System.Data.Services.Client.csproj", "{126af105-3f3d-4b8f-ab75-05fac848251a}"
EndProject
Project("{FAE04EC0-301F-11D3-BF4B-00C04F79EFBC}") = "System.Data.Services.Design", "ndp\fx\src\DataWeb\Design\System.Data.Services.Design.csproj", "{49d125ca-3a54-4e83-8c78-e9eea505ea86}"
EndProject
Project("{FAE04EC0-301F-11D3-BF4B-00C04F79EFBC}") = "System.Data.SqlXml", "ndp\fx\src\XmlUtils\System.Data.SqlXml.csproj", "{7e20edad-616e-40c3-8423-fdfff0231c1e}"
EndProject
Project("{FAE04EC0-301F-11D3-BF4B-00C04F79EFBC}") = "System.Drawing", "ndp\fx\src\System.Drawing.csproj", "{b4eb50b7-c0c4-43c1-9350-eb2ed0ae2c83}"
EndProject
Project("{FAE04EC0-301F-11D3-BF4B-00C04F79EFBC}") = "System.IdentityModel", "ndp\cdf\src\WCF\IdentityModel\System.IdentityModel.csproj", "{90c9cd36-105e-404f-a51f-3b336ceff886}"
EndProject
Project("{FAE04EC0-301F-11D3-BF4B-00C04F79EFBC}") = "System.IdentityModel.Selectors", "ndp\cdf\src\WCF\System.IdentityModel.Selectors.csproj", "{0dd7f451-2f7b-4d1e-8716-8f4b1cf73c7c}"
EndProject
Project("{FAE04EC0-301F-11D3-BF4B-00C04F79EFBC}") = "System.IO.Compression.FileSystem", "ndp\fx\src\System.IO.Compression.FileSystem.csproj", "{7411470b-21aa-42cb-9b32-e336b83a17bf}"
EndProject
Project("{FAE04EC0-301F-11D3-BF4B-00C04F79EFBC}") = "System.IO.Log", "ndp\cdf\src\NetFx35\System.IO.Log\System.IO.Log.csproj", "{aa736cc1-c439-491e-9c52-2a5c237c5d3e}"
EndProject
Project("{FAE04EC0-301F-11D3-BF4B-00C04F79EFBC}") = "System.Management", "ndp\fx\src\wmi\managed\System\Management\System.Management.csproj", "{28dcfc02-dbea-4bac-aca4-8d468c2d902b}"
EndProject
Project("{FAE04EC0-301F-11D3-BF4B-00C04F79EFBC}") = "System.Messaging", "ndp\cdf\src\NetFx20\System.Messaging\System.Messaging.csproj", "{dcb690ca-2272-4698-b33f-7697b5cc9e04}"
EndProject
Project("{FAE04EC0-301F-11D3-BF4B-00C04F79EFBC}") = "System.Net", "ndp\fx\src\SystemNet\System.Net.csproj", "{6c0f4fa8-423b-4165-ba19-0500f7bf7a4b}"
EndProject
Project("{FAE04EC0-301F-11D3-BF4B-00C04F79EFBC}") = "System.Numerics", "ndp\fx\src\Numerics\System.Numerics.csproj", "{8b03bf71-6ccd-4aa8-a14b-94c651c2dc4a}"
EndProject
Project("{FAE04EC0-301F-11D3-BF4B-00C04F79EFBC}") = "System.Runtime.Caching", "ndp\fx\src\Caching\System.Runtime.Caching.csproj", "{dafed334-c539-48d8-8835-bf41eef18420}"
EndProject
Project("{FAE04EC0-301F-11D3-BF4B-00C04F79EFBC}") = "System.Runtime.DurableInstancing", "ndp\cdf\src\NetFx40\System.Runtime.DurableInstancing\System.Runtime.DurableInstancing.csproj", "{03371bc7-7938-462d-9548-f5eaa61c8dbb}"
EndProject
Project("{FAE04EC0-301F-11D3-BF4B-00C04F79EFBC}") = "System.Runtime.Remoting", "ndp\clr\src\managedlibraries\remoting\System.Runtime.Remoting.csproj", "{5467b7b5-eded-4eee-a2a1-0aca9ac08b20}"
EndProject
Project("{FAE04EC0-301F-11D3-BF4B-00C04F79EFBC}") = "System.Runtime.Serialization", "ndp\cdf\src\WCF\Serialization\System.Runtime.Serialization.csproj", "{bd901c9d-f103-4a54-9f31-2219abe428d0}"
EndProject
Project("{FAE04EC0-301F-11D3-BF4B-00C04F79EFBC}") = "System.Security", "ndp\clr\src\managedlibraries\security\System.Security.csproj", "{ae2ca399-653e-4376-8e7f-fa6cb2b122b7}"
EndProject
Project("{FAE04EC0-301F-11D3-BF4B-00C04F79EFBC}") = "System.ServiceModel", "ndp\cdf\src\WCF\ServiceModel\System.ServiceModel.csproj", "{e075699a-ae95-41c1-b75c-e520f7da52a2}"
EndProject
Project("{FAE04EC0-301F-11D3-BF4B-00C04F79EFBC}") = "System.ServiceModel.Activation", "ndp\cdf\src\WCF\System.ServiceModel.Activation\System.ServiceModel.Activation.csproj", "{0d4e967b-c303-415d-ae62-021b28dbf6ee}"
EndProject
Project("{FAE04EC0-301F-11D3-BF4B-00C04F79EFBC}") = "System.ServiceModel.Activities", "ndp\cdf\src\NetFx40\System.ServiceModel.Activities\System.ServiceModel.Activities.csproj", "{e9bb8ccb-36f7-4198-a9a5-d9cf0ceb9c0b}"
EndProject
Project("{FAE04EC0-301F-11D3-BF4B-00C04F79EFBC}") = "System.ServiceModel.Channels", "ndp\cdf\src\NetFx40\System.ServiceModel.Channels\System.ServiceModel.Channels.csproj", "{cdf0459e-47aa-4f1f-ada0-be4be8380611}"
EndProject
Project("{FAE04EC0-301F-11D3-BF4B-00C04F79EFBC}") = "System.ServiceModel.Discovery", "ndp\cdf\src\NetFx40\System.ServiceModel.Discovery\System.ServiceModel.Discovery.csproj", "{9b4ad6ec-1c07-48f4-9e73-1f0aea7fefa6}"
EndProject
Project("{FAE04EC0-301F-11D3-BF4B-00C04F79EFBC}") = "System.ServiceModel.Internals", "ndp\cdf\src\System.ServiceModel.Internals\System.ServiceModel.Internals.csproj", "{41a266a6-7b9d-4066-af5c-02e47744affb}"
EndProject
Project("{FAE04EC0-301F-11D3-BF4B-00C04F79EFBC}") = "System.ServiceModel.Routing", "ndp\cdf\src\NetFx40\System.ServiceModel.Routing\System.ServiceModel.Routing.csproj", "{d99f7cb2-5445-4af6-86af-2063c5ed932a}"
EndProject
Project("{FAE04EC0-301F-11D3-BF4B-00C04F79EFBC}") = "System.ServiceModel.WasHosting", "ndp\cdf\src\WCF\WasHosting\System.ServiceModel.WasHosting.csproj", "{5b5b89e7-e65a-4071-9368-319bf35cded7}"
EndProject
Project("{FAE04EC0-301F-11D3-BF4B-00C04F79EFBC}") = "System.ServiceModel.Web", "ndp\cdf\src\NetFx35\System.ServiceModel.Web\System.ServiceModel.Web.csproj", "{40a894fb-e9ea-4dcc-bdea-1cdaa97310e9}"
EndProject
Project("{FAE04EC0-301F-11D3-BF4B-00C04F79EFBC}") = "System.Transactions", "ndp\cdf\src\NetFx20\System.Transactions\System.Transactions.csproj", "{434bdce4-cf74-432c-8a80-b3ec5c69efe0}"
EndProject
Project("{FAE04EC0-301F-11D3-BF4B-00C04F79EFBC}") = "System.Web", "ndp\fx\src\xsp\system\Web\System.Web.csproj", "{f8e00e81-933c-4cd7-b455-947234aa2a42}"
EndProject
Project("{FAE04EC0-301F-11D3-BF4B-00C04F79EFBC}") = "System.Web.ApplicationServices", "ndp\fx\src\xsp\system\ApplicationServices\System.Web.ApplicationServices.csproj", "{03790a63-d14a-4745-8a58-eb324605eaed}"
EndProject
Project("{FAE04EC0-301F-11D3-BF4B-00C04F79EFBC}") = "System.Web.DataVisualization", "ndp\fx\src\DataVisualization\System.Web.DataVisualization.csproj", "{e194d017-120c-46cb-845a-62adbf5c6dc2}"
EndProject
Project("{FAE04EC0-301F-11D3-BF4B-00C04F79EFBC}") = "System.Web.DynamicData", "ndp\fx\src\xsp\system\DynamicData\System.Web.DynamicData.csproj", "{40085dd2-e6d8-495a-a7bd-a2ce23a76f71}"
EndProject
Project("{FAE04EC0-301F-11D3-BF4B-00C04F79EFBC}") = "System.Web.Entity", "ndp\fx\src\DataWebControls\System.Web.Entity.csproj", "{ddc340c8-f202-42f5-8135-8ef37f60ee80}"
EndProject
Project("{FAE04EC0-301F-11D3-BF4B-00C04F79EFBC}") = "System.Web.Entity.Design", "ndp\fx\src\DataWebControlsDesign\System.Web.Entity.Design.csproj", "{1abc9c4d-1cde-45ba-b9ee-de27aafedf83}"
EndProject
Project("{FAE04EC0-301F-11D3-BF4B-00C04F79EFBC}") = "System.Web.Extensions", "ndp\fx\src\xsp\system\Extensions\System.Web.Extensions.csproj", "{a96fb54b-917b-4de8-a5fd-bdc6f99d01af}"
EndProject
Project("{FAE04EC0-301F-11D3-BF4B-00C04F79EFBC}") = "System.Web.Mobile", "ndp\fx\src\mit\System\Web\System.Web.Mobile.csproj", "{753bf9de-be25-459d-9429-fb70eed82d5c}"
EndProject
Project("{FAE04EC0-301F-11D3-BF4B-00C04F79EFBC}") = "System.Web.Services", "ndp\cdf\src\NetFx20\System.Web.Services\System.Web.Services.csproj", "{51525479-3333-4904-81af-373841bcd8a4}"
EndProject
Project("{FAE04EC0-301F-11D3-BF4B-00C04F79EFBC}") = "System.Windows.Forms", "ndp\fx\src\System.Windows.Forms.csproj", "{80ef5c82-9e80-40c7-af99-7edd817becd3}"
EndProject
Project("{FAE04EC0-301F-11D3-BF4B-00C04F79EFBC}") = "System.Windows.Forms.DataVisualization", "ndp\fx\src\DataVisualization\System.Windows.Forms.DataVisualization.csproj", "{f526e865-c0e3-4a5d-a2ab-b6632c9e9404}"
EndProject
Project("{FAE04EC0-301F-11D3-BF4B-00C04F79EFBC}") = "System.Workflow.Activities", "ndp\cdf\src\WF\Activities\System.Workflow.Activities.csproj", "{54fef74a-df3c-4673-a50f-b41647399ee2}"
EndProject
Project("{FAE04EC0-301F-11D3-BF4B-00C04F79EFBC}") = "System.Workflow.ComponentModel", "ndp\cdf\src\WF\Common\System.Workflow.ComponentModel.csproj", "{e1df575a-e0be-4355-b9dd-d4ad79c086f9}"
EndProject
Project("{FAE04EC0-301F-11D3-BF4B-00C04F79EFBC}") = "System.Workflow.Runtime", "ndp\cdf\src\WF\RunTime\System.Workflow.Runtime.csproj", "{278f2b67-4231-41c7-9bba-67297bc80611}"
EndProject
Project("{FAE04EC0-301F-11D3-BF4B-00C04F79EFBC}") = "System.WorkflowServices", "ndp\cdf\src\NetFx35\System.WorkflowServices\System.WorkflowServices.csproj", "{be2551fc-54be-4738-891b-5bf20b855c8b}"
EndProject
Project("{FAE04EC0-301F-11D3-BF4B-00C04F79EFBC}") = "System.Xaml.Hosting", "ndp\cdf\src\NetFx40\System.Xaml.Hosting\System.Xaml.Hosting.csproj", "{a8f7da04-6d05-44ba-9426-87e625d2f0aa}"
EndProject
Project("{FAE04EC0-301F-11D3-BF4B-00C04F79EFBC}") = "System.Xml", "ndp\fx\src\Xml\System.Xml.csproj", "{89407287-3a00-4b8e-a685-1d93818e1bbb}"
EndProject
Project("{FAE04EC0-301F-11D3-BF4B-00C04F79EFBC}") = "System.Xml.Linq", "ndp\fx\src\XLinq\System.Xml.Linq.csproj", "{acd6a198-cf43-47bc-b177-4a7cdf3188ef}"
EndProject
Project("{FAE04EC0-301F-11D3-BF4B-00C04F79EFBC}") = "UIAutomationClient", "wpf\src\UIAutomation\UIAutomationClient\UIAutomationClient.csproj", "{3c217d71-05a8-40d1-b6b4-d2d83e6130af}"
EndProject
Project("{FAE04EC0-301F-11D3-BF4B-00C04F79EFBC}") = "UIAutomationClientsideProviders", "wpf\src\UIAutomation\Win32Providers\UIAutomationClientsideProviders.csproj", "{f89c043b-bba2-4d17-a182-23b3fd6c50b4}"
EndProject
Project("{FAE04EC0-301F-11D3-BF4B-00C04F79EFBC}") = "WindowsBase", "wpf\src\WindowsBase.csproj", "{27dcbd4b-c862-4c49-92bc-e80840741558}"
EndProject
Project("{FAE04EC0-301F-11D3-BF4B-00C04F79EFBC}") = "WsatConfig", "ndp\cdf\src\WCF\Tools\WsatConfig\WsatConfig.csproj", "{9a866310-5ac4-4956-a6cb-06289824d9d9}"
EndProject
Project("{FAE04EC0-301F-11D3-BF4B-00C04F79EFBC}") = "WsatUI", "ndp\cdf\src\WCF\Tools\WsatConfig\WsatUI.csproj", "{523e7301-9c3b-4c00-8463-025a0402d00c}"
EndProject
Project("{FAE04EC0-301F-11D3-BF4B-00C04F79EFBC}") = "XamlBuildTask", "ndp\cdf\src\NetFx40\XamlBuildTask\XamlBuildTask.csproj", "{50709a98-e48e-4562-aec9-ea74d53ede39}"
EndProject
Global
    GlobalSection(SolutionConfigurationPlatforms) = preSolution
    EndGlobalSection
    GlobalSection(ProjectConfigurationPlatforms) = postSolution
    EndGlobalSection
    GlobalSection(SolutionProperties) = preSolution
        HideSolutionNode = FALSE
    EndGlobalSection
EndGlobal

